
Microsoft Visual Studio Solution File, Format Version 12.00
# Visual Studio Version 17
VisualStudioVersion = 17.14.36705.20 d17.14
MinimumVisualStudioVersion = 10.0.40219.1
Project("{FAE04EC0-301F-11D3-BF4B-00C04F79EFBC}") = "ADO_NET_Coffee_Magazine", "ADO_NET_Coffee_Magazine.csproj", "{95816B98-3B64-43B7-9752-502007719F71}"
EndProject
Global
	GlobalSection(SolutionConfigurationPlatforms) = preSolution
		Debug|Any CPU = Debug|Any CPU
		Release|Any CPU = Release|Any CPU
	EndGlobalSection
	GlobalSection(ProjectConfigurationPlatforms) = postSolution
		{95816B98-3B64-43B7-9752-502007719F71}.Debug|Any CPU.ActiveCfg = Debug|Any CPU
		{95816B98-3B64-43B7-9752-502007719F71}.Debug|Any CPU.Build.0 = Debug|Any CPU
		{95816B98-3B64-43B7-9752-502007719F71}.Release|Any CPU.ActiveCfg = Release|Any CPU
		{95816B98-3B64-43B7-9752-502007719F71}.Release|Any CPU.Build.0 = Release|Any CPU
	EndGlobalSection
	GlobalSection(SolutionProperties) = preSolution
		HideSolutionNode = FALSE
	EndGlobalSection
	GlobalSection(ExtensibilityGlobals) = postSolution
		SolutionGuid = {8415C63D-04D2-4930-B878-4CBE4486CA1E}
	EndGlobalSection
EndGlobal
